// !$*UTF8*$!
{
	archiveVersion = 1;
	classes = {
	};
	objectVersion = 56;
	objects = {

/* Begin PBXBuildFile section */
		340DCF032A6F86750073DD0C /* Team.swift in Sources */ = {isa = PBXBuildFile; fileRef = 340DCF022A6F86750073DD0C /* Team.swift */; };
		340DCF052A6F868B0073DD0C /* Stadium.swift in Sources */ = {isa = PBXBuildFile; fileRef = 340DCF042A6F868B0073DD0C /* Stadium.swift */; };
		340DCF072A6F87760073DD0C /* Player.swift in Sources */ = {isa = PBXBuildFile; fileRef = 340DCF062A6F87760073DD0C /* Player.swift */; };
		340DCF092A6F88450073DD0C /* Coordinates.swift in Sources */ = {isa = PBXBuildFile; fileRef = 340DCF082A6F88450073DD0C /* Coordinates.swift */; };
		340DCF0B2A6F8E2A0073DD0C /* ModelData.swift in Sources */ = {isa = PBXBuildFile; fileRef = 340DCF0A2A6F8E2A0073DD0C /* ModelData.swift */; };
		343AD0AC2A73942400991776 /* teams.json in Resources */ = {isa = PBXBuildFile; fileRef = 343AD0AB2A73942400991776 /* teams.json */; };
		347F1C802A7777CC00CB9654 /* MapPopupView.swift in Sources */ = {isa = PBXBuildFile; fileRef = 347F1C7B2A7777CC00CB9654 /* MapPopupView.swift */; };
		347F1C812A7777CC00CB9654 /* PlayerCard.swift in Sources */ = {isa = PBXBuildFile; fileRef = 347F1C7C2A7777CC00CB9654 /* PlayerCard.swift */; };
		347F1C822A7777CC00CB9654 /* PlayerListView.swift in Sources */ = {isa = PBXBuildFile; fileRef = 347F1C7D2A7777CC00CB9654 /* PlayerListView.swift */; };
		347F1C832A7777CC00CB9654 /* AchievementView.swift in Sources */ = {isa = PBXBuildFile; fileRef = 347F1C7E2A7777CC00CB9654 /* AchievementView.swift */; };
		347F1C842A7777CC00CB9654 /* PopupManager.swift in Sources */ = {isa = PBXBuildFile; fileRef = 347F1C7F2A7777CC00CB9654 /* PopupManager.swift */; };
		347F1C862A777ED500CB9654 /* TeamLogoView.swift in Sources */ = {isa = PBXBuildFile; fileRef = 347F1C852A777ED500CB9654 /* TeamLogoView.swift */; };
		34807C6B2A6FA5DE00FDD4A9 /* ContentView.swift in Sources */ = {isa = PBXBuildFile; fileRef = 34807C6A2A6FA5DE00FDD4A9 /* ContentView.swift */; };
		34807C722A6FA60000FDD4A9 /* WelcomeView.swift in Sources */ = {isa = PBXBuildFile; fileRef = 34807C6E2A6FA60000FDD4A9 /* WelcomeView.swift */; };
		34807C732A6FA60000FDD4A9 /* Preview Content in Resources */ = {isa = PBXBuildFile; fileRef = 34807C6F2A6FA60000FDD4A9 /* Preview Content */; };
		34807C742A6FA60000FDD4A9 /* DetailView.swift in Sources */ = {isa = PBXBuildFile; fileRef = 34807C702A6FA60000FDD4A9 /* DetailView.swift */; };
		34807C752A6FA60000FDD4A9 /* ListView.swift in Sources */ = {isa = PBXBuildFile; fileRef = 34807C712A6FA60000FDD4A9 /* ListView.swift */; };
		349349B72A6F82DA002EE24A /* assignment1App.swift in Sources */ = {isa = PBXBuildFile; fileRef = 349349B62A6F82DA002EE24A /* assignment1App.swift */; };
		349349BB2A6F82DB002EE24A /* Assets.xcassets in Resources */ = {isa = PBXBuildFile; fileRef = 349349BA2A6F82DB002EE24A /* Assets.xcassets */; };
		349349BE2A6F82DB002EE24A /* Preview Assets.xcassets in Resources */ = {isa = PBXBuildFile; fileRef = 349349BD2A6F82DB002EE24A /* Preview Assets.xcassets */; };
		349349C82A6F82DC002EE24A /* assignment1Tests.swift in Sources */ = {isa = PBXBuildFile; fileRef = 349349C72A6F82DC002EE24A /* assignment1Tests.swift */; };
		349349D22A6F82DC002EE24A /* assignment1UITests.swift in Sources */ = {isa = PBXBuildFile; fileRef = 349349D12A6F82DC002EE24A /* assignment1UITests.swift */; };
		349349D42A6F82DC002EE24A /* assignment1UITestsLaunchTests.swift in Sources */ = {isa = PBXBuildFile; fileRef = 349349D32A6F82DC002EE24A /* assignment1UITestsLaunchTests.swift */; };
		34960E8D2A6FBCB2003247E8 /* TeamCard.swift in Sources */ = {isa = PBXBuildFile; fileRef = 34960E8C2A6FBCB2003247E8 /* TeamCard.swift */; };
		349CB13A2A7A0C5D00312D14 /* MapAnnotationView.swift in Sources */ = {isa = PBXBuildFile; fileRef = 349CB1392A7A0C5D00312D14 /* MapAnnotationView.swift */; };
/* End PBXBuildFile section */

/* Begin PBXContainerItemProxy section */
		349349C42A6F82DC002EE24A /* PBXContainerItemProxy */ = {
			isa = PBXContainerItemProxy;
			containerPortal = 349349AB2A6F82DA002EE24A /* Project object */;
			proxyType = 1;
			remoteGlobalIDString = 349349B22A6F82DA002EE24A;
			remoteInfo = assignment1;
		};
		349349CE2A6F82DC002EE24A /* PBXContainerItemProxy */ = {
			isa = PBXContainerItemProxy;
			containerPortal = 349349AB2A6F82DA002EE24A /* Project object */;
			proxyType = 1;
			remoteGlobalIDString = 349349B22A6F82DA002EE24A;
			remoteInfo = assignment1;
		};
/* End PBXContainerItemProxy section */

/* Begin PBXFileReference section */
		340DCF022A6F86750073DD0C /* Team.swift */ = {isa = PBXFileReference; lastKnownFileType = sourcecode.swift; path = Team.swift; sourceTree = "<group>"; };
		340DCF042A6F868B0073DD0C /* Stadium.swift */ = {isa = PBXFileReference; lastKnownFileType = sourcecode.swift; path = Stadium.swift; sourceTree = "<group>"; };
		340DCF062A6F87760073DD0C /* Player.swift */ = {isa = PBXFileReference; lastKnownFileType = sourcecode.swift; path = Player.swift; sourceTree = "<group>"; };
		340DCF082A6F88450073DD0C /* Coordinates.swift */ = {isa = PBXFileReference; lastKnownFileType = sourcecode.swift; path = Coordinates.swift; sourceTree = "<group>"; };
		340DCF0A2A6F8E2A0073DD0C /* ModelData.swift */ = {isa = PBXFileReference; lastKnownFileType = sourcecode.swift; path = ModelData.swift; sourceTree = "<group>"; };
		343AD0AB2A73942400991776 /* teams.json */ = {isa = PBXFileReference; fileEncoding = 4; lastKnownFileType = text.json; path = teams.json; sourceTree = "<group>"; };
		347F1C7B2A7777CC00CB9654 /* MapPopupView.swift */ = {isa = PBXFileReference; fileEncoding = 4; lastKnownFileType = sourcecode.swift; path = MapPopupView.swift; sourceTree = "<group>"; };
		347F1C7C2A7777CC00CB9654 /* PlayerCard.swift */ = {isa = PBXFileReference; fileEncoding = 4; lastKnownFileType = sourcecode.swift; path = PlayerCard.swift; sourceTree = "<group>"; };
		347F1C7D2A7777CC00CB9654 /* PlayerListView.swift */ = {isa = PBXFileReference; fileEncoding = 4; lastKnownFileType = sourcecode.swift; path = PlayerListView.swift; sourceTree = "<group>"; };
		347F1C7E2A7777CC00CB9654 /* AchievementView.swift */ = {isa = PBXFileReference; fileEncoding = 4; lastKnownFileType = sourcecode.swift; path = AchievementView.swift; sourceTree = "<group>"; };
		347F1C7F2A7777CC00CB9654 /* PopupManager.swift */ = {isa = PBXFileReference; fileEncoding = 4; lastKnownFileType = sourcecode.swift; path = PopupManager.swift; sourceTree = "<group>"; };
		347F1C852A777ED500CB9654 /* TeamLogoView.swift */ = {isa = PBXFileReference; lastKnownFileType = sourcecode.swift; path = TeamLogoView.swift; sourceTree = "<group>"; };
		34807C6A2A6FA5DE00FDD4A9 /* ContentView.swift */ = {isa = PBXFileReference; fileEncoding = 4; lastKnownFileType = sourcecode.swift; path = ContentView.swift; sourceTree = "<group>"; };
		34807C6E2A6FA60000FDD4A9 /* WelcomeView.swift */ = {isa = PBXFileReference; fileEncoding = 4; lastKnownFileType = sourcecode.swift; path = WelcomeView.swift; sourceTree = "<group>"; };
		34807C6F2A6FA60000FDD4A9 /* Preview Content */ = {isa = PBXFileReference; lastKnownFileType = folder; path = "Preview Content"; sourceTree = "<group>"; };
		34807C702A6FA60000FDD4A9 /* DetailView.swift */ = {isa = PBXFileReference; fileEncoding = 4; lastKnownFileType = sourcecode.swift; path = DetailView.swift; sourceTree = "<group>"; };
		34807C712A6FA60000FDD4A9 /* ListView.swift */ = {isa = PBXFileReference; fileEncoding = 4; lastKnownFileType = sourcecode.swift; path = ListView.swift; sourceTree = "<group>"; };
		349349B32A6F82DA002EE24A /* assignment1.app */ = {isa = PBXFileReference; explicitFileType = wrapper.application; includeInIndex = 0; path = assignment1.app; sourceTree = BUILT_PRODUCTS_DIR; };
		349349B62A6F82DA002EE24A /* assignment1App.swift */ = {isa = PBXFileReference; lastKnownFileType = sourcecode.swift; path = assignment1App.swift; sourceTree = "<group>"; };
		349349BA2A6F82DB002EE24A /* Assets.xcassets */ = {isa = PBXFileReference; lastKnownFileType = folder.assetcatalog; path = Assets.xcassets; sourceTree = "<group>"; };
		349349BD2A6F82DB002EE24A /* Preview Assets.xcassets */ = {isa = PBXFileReference; lastKnownFileType = folder.assetcatalog; path = "Preview Assets.xcassets"; sourceTree = "<group>"; };
		349349C32A6F82DC002EE24A /* assignment1Tests.xctest */ = {isa = PBXFileReference; explicitFileType = wrapper.cfbundle; includeInIndex = 0; path = assignment1Tests.xctest; sourceTree = BUILT_PRODUCTS_DIR; };
		349349C72A6F82DC002EE24A /* assignment1Tests.swift */ = {isa = PBXFileReference; lastKnownFileType = sourcecode.swift; path = assignment1Tests.swift; sourceTree = "<group>"; };
		349349CD2A6F82DC002EE24A /* assignment1UITests.xctest */ = {isa = PBXFileReference; explicitFileType = wrapper.cfbundle; includeInIndex = 0; path = assignment1UITests.xctest; sourceTree = BUILT_PRODUCTS_DIR; };
		349349D12A6F82DC002EE24A /* assignment1UITests.swift */ = {isa = PBXFileReference; lastKnownFileType = sourcecode.swift; path = assignment1UITests.swift; sourceTree = "<group>"; };
		349349D32A6F82DC002EE24A /* assignment1UITestsLaunchTests.swift */ = {isa = PBXFileReference; lastKnownFileType = sourcecode.swift; path = assignment1UITestsLaunchTests.swift; sourceTree = "<group>"; };
		34960E8C2A6FBCB2003247E8 /* TeamCard.swift */ = {isa = PBXFileReference; lastKnownFileType = sourcecode.swift; path = TeamCard.swift; sourceTree = "<group>"; };
		349CB1392A7A0C5D00312D14 /* MapAnnotationView.swift */ = {isa = PBXFileReference; fileEncoding = 4; lastKnownFileType = sourcecode.swift; path = MapAnnotationView.swift; sourceTree = "<group>"; };
/* End PBXFileReference section */

/* Begin PBXFrameworksBuildPhase section */
		349349B02A6F82DA002EE24A /* Frameworks */ = {
			isa = PBXFrameworksBuildPhase;
			buildActionMask = 2147483647;
			files = (
			);
			runOnlyForDeploymentPostprocessing = 0;
		};
		349349C02A6F82DC002EE24A /* Frameworks */ = {
			isa = PBXFrameworksBuildPhase;
			buildActionMask = 2147483647;
			files = (
			);
			runOnlyForDeploymentPostprocessing = 0;
		};
		349349CA2A6F82DC002EE24A /* Frameworks */ = {
			isa = PBXFrameworksBuildPhase;
			buildActionMask = 2147483647;
			files = (
			);
			runOnlyForDeploymentPostprocessing = 0;
		};
/* End PBXFrameworksBuildPhase section */

/* Begin PBXGroup section */
		340DCEFB2A6F83CF0073DD0C /* model */ = {
			isa = PBXGroup;
			children = (
				343AD0AB2A73942400991776 /* teams.json */,
				340DCF022A6F86750073DD0C /* Team.swift */,
				340DCF042A6F868B0073DD0C /* Stadium.swift */,
				340DCF062A6F87760073DD0C /* Player.swift */,
				340DCF082A6F88450073DD0C /* Coordinates.swift */,
				340DCF0A2A6F8E2A0073DD0C /* ModelData.swift */,
			);
			path = model;
			sourceTree = "<group>";
		};
		347F1C872A77897600CB9654 /* scrs */ = {
			isa = PBXGroup;
			children = (
			);
			path = scrs;
			sourceTree = "<group>";
		};
		34807C762A6FA60D00FDD4A9 /* View */ = {
			isa = PBXGroup;
			children = (
				349CB1392A7A0C5D00312D14 /* MapAnnotationView.swift */,
				347F1C7E2A7777CC00CB9654 /* AchievementView.swift */,
				347F1C7B2A7777CC00CB9654 /* MapPopupView.swift */,
				347F1C7C2A7777CC00CB9654 /* PlayerCard.swift */,
				347F1C7D2A7777CC00CB9654 /* PlayerListView.swift */,
				347F1C7F2A7777CC00CB9654 /* PopupManager.swift */,
				34807C6E2A6FA60000FDD4A9 /* WelcomeView.swift */,
				34807C702A6FA60000FDD4A9 /* DetailView.swift */,
				34807C712A6FA60000FDD4A9 /* ListView.swift */,
				34807C6A2A6FA5DE00FDD4A9 /* ContentView.swift */,
				34960E8C2A6FBCB2003247E8 /* TeamCard.swift */,
				347F1C852A777ED500CB9654 /* TeamLogoView.swift */,
			);
			path = View;
			sourceTree = "<group>";
		};
		349349AA2A6F82DA002EE24A = {
			isa = PBXGroup;
			children = (
				349349B52A6F82DA002EE24A /* assignment1 */,
				349349C62A6F82DC002EE24A /* assignment1Tests */,
				349349D02A6F82DC002EE24A /* assignment1UITests */,
				349349B42A6F82DA002EE24A /* Products */,
			);
			sourceTree = "<group>";
		};
		349349B42A6F82DA002EE24A /* Products */ = {
			isa = PBXGroup;
			children = (
				349349B32A6F82DA002EE24A /* assignment1.app */,
				349349C32A6F82DC002EE24A /* assignment1Tests.xctest */,
				349349CD2A6F82DC002EE24A /* assignment1UITests.xctest */,
			);
			name = Products;
			sourceTree = "<group>";
		};
		349349B52A6F82DA002EE24A /* assignment1 */ = {
			isa = PBXGroup;
			children = (
				347F1C872A77897600CB9654 /* scrs */,
				34807C762A6FA60D00FDD4A9 /* View */,
				34807C6F2A6FA60000FDD4A9 /* Preview Content */,
				340DCEFB2A6F83CF0073DD0C /* model */,
				349349B62A6F82DA002EE24A /* assignment1App.swift */,
				349349BA2A6F82DB002EE24A /* Assets.xcassets */,
				349349BC2A6F82DB002EE24A /* Preview Content */,
			);
			path = assignment1;
			sourceTree = "<group>";
		};
		349349BC2A6F82DB002EE24A /* Preview Content */ = {
			isa = PBXGroup;
			children = (
				349349BD2A6F82DB002EE24A /* Preview Assets.xcassets */,
			);
			path = "Preview Content";
			sourceTree = "<group>";
		};
		349349C62A6F82DC002EE24A /* assignment1Tests */ = {
			isa = PBXGroup;
			children = (
				349349C72A6F82DC002EE24A /* assignment1Tests.swift */,
			);
			path = assignment1Tests;
			sourceTree = "<group>";
		};
		349349D02A6F82DC002EE24A /* assignment1UITests */ = {
			isa = PBXGroup;
			children = (
				349349D12A6F82DC002EE24A /* assignment1UITests.swift */,
				349349D32A6F82DC002EE24A /* assignment1UITestsLaunchTests.swift */,
			);
			path = assignment1UITests;
			sourceTree = "<group>";
		};
/* End PBXGroup section */

/* Begin PBXNativeTarget section */
		349349B22A6F82DA002EE24A /* assignment1 */ = {
			isa = PBXNativeTarget;
			buildConfigurationList = 349349D72A6F82DC002EE24A /* Build configuration list for PBXNativeTarget "assignment1" */;
			buildPhases = (
				349349AF2A6F82DA002EE24A /* Sources */,
				349349B02A6F82DA002EE24A /* Frameworks */,
				349349B12A6F82DA002EE24A /* Resources */,
			);
			buildRules = (
			);
			dependencies = (
			);
			name = assignment1;
			productName = assignment1;
			productReference = 349349B32A6F82DA002EE24A /* assignment1.app */;
			productType = "com.apple.product-type.application";
		};
		349349C22A6F82DC002EE24A /* assignment1Tests */ = {
			isa = PBXNativeTarget;
			buildConfigurationList = 349349DA2A6F82DC002EE24A /* Build configuration list for PBXNativeTarget "assignment1Tests" */;
			buildPhases = (
				349349BF2A6F82DC002EE24A /* Sources */,
				349349C02A6F82DC002EE24A /* Frameworks */,
				349349C12A6F82DC002EE24A /* Resources */,
			);
			buildRules = (
			);
			dependencies = (
				349349C52A6F82DC002EE24A /* PBXTargetDependency */,
			);
			name = assignment1Tests;
			productName = assignment1Tests;
			productReference = 349349C32A6F82DC002EE24A /* assignment1Tests.xctest */;
			productType = "com.apple.product-type.bundle.unit-test";
		};
		349349CC2A6F82DC002EE24A /* assignment1UITests */ = {
			isa = PBXNativeTarget;
			buildConfigurationList = 349349DD2A6F82DC002EE24A /* Build configuration list for PBXNativeTarget "assignment1UITests" */;
			buildPhases = (
				349349C92A6F82DC002EE24A /* Sources */,
				349349CA2A6F82DC002EE24A /* Frameworks */,
				349349CB2A6F82DC002EE24A /* Resources */,
			);
			buildRules = (
			);
			dependencies = (
				349349CF2A6F82DC002EE24A /* PBXTargetDependency */,
			);
			name = assignment1UITests;
			productName = assignment1UITests;
			productReference = 349349CD2A6F82DC002EE24A /* assignment1UITests.xctest */;
			productType = "com.apple.product-type.bundle.ui-testing";
		};
/* End PBXNativeTarget section */

/* Begin PBXProject section */
		349349AB2A6F82DA002EE24A /* Project object */ = {
			isa = PBXProject;
			attributes = {
				BuildIndependentTargetsInParallel = 1;
				LastSwiftUpdateCheck = 1430;
				LastUpgradeCheck = 1430;
				TargetAttributes = {
					349349B22A6F82DA002EE24A = {
						CreatedOnToolsVersion = 14.3.1;
					};
					349349C22A6F82DC002EE24A = {
						CreatedOnToolsVersion = 14.3.1;
						TestTargetID = 349349B22A6F82DA002EE24A;
					};
					349349CC2A6F82DC002EE24A = {
						CreatedOnToolsVersion = 14.3.1;
						TestTargetID = 349349B22A6F82DA002EE24A;
					};
				};
			};
			buildConfigurationList = 349349AE2A6F82DA002EE24A /* Build configuration list for PBXProject "assignment1" */;
			compatibilityVersion = "Xcode 14.0";
			developmentRegion = en;
			hasScannedForEncodings = 0;
			knownRegions = (
				en,
				Base,
			);
			mainGroup = 349349AA2A6F82DA002EE24A;
			productRefGroup = 349349B42A6F82DA002EE24A /* Products */;
			projectDirPath = "";
			projectRoot = "";
			targets = (
				349349B22A6F82DA002EE24A /* assignment1 */,
				349349C22A6F82DC002EE24A /* assignment1Tests */,
				349349CC2A6F82DC002EE24A /* assignment1UITests */,
			);
		};
/* End PBXProject section */

/* Begin PBXResourcesBuildPhase section */
		349349B12A6F82DA002EE24A /* Resources */ = {
			isa = PBXResourcesBuildPhase;
			buildActionMask = 2147483647;
			files = (
				343AD0AC2A73942400991776 /* teams.json in Resources */,
				34807C732A6FA60000FDD4A9 /* Preview Content in Resources */,
				349349BE2A6F82DB002EE24A /* Preview Assets.xcassets in Resources */,
				349349BB2A6F82DB002EE24A /* Assets.xcassets in Resources */,
			);
			runOnlyForDeploymentPostprocessing = 0;
		};
		349349C12A6F82DC002EE24A /* Resources */ = {
			isa = PBXResourcesBuildPhase;
			buildActionMask = 2147483647;
			files = (
			);
			runOnlyForDeploymentPostprocessing = 0;
		};
		349349CB2A6F82DC002EE24A /* Resources */ = {
			isa = PBXResourcesBuildPhase;
			buildActionMask = 2147483647;
			files = (
			);
			runOnlyForDeploymentPostprocessing = 0;
		};
/* End PBXResourcesBuildPhase section */

/* Begin PBXSourcesBuildPhase section */
		349349AF2A6F82DA002EE24A /* Sources */ = {
			isa = PBXSourcesBuildPhase;
			buildActionMask = 2147483647;
			files = (
				340DCF032A6F86750073DD0C /* Team.swift in Sources */,
				347F1C812A7777CC00CB9654 /* PlayerCard.swift in Sources */,
				34807C742A6FA60000FDD4A9 /* DetailView.swift in Sources */,
				347F1C822A7777CC00CB9654 /* PlayerListView.swift in Sources */,
				347F1C802A7777CC00CB9654 /* MapPopupView.swift in Sources */,
				34807C752A6FA60000FDD4A9 /* ListView.swift in Sources */,
				349CB13A2A7A0C5D00312D14 /* MapAnnotationView.swift in Sources */,
				349349B72A6F82DA002EE24A /* assignment1App.swift in Sources */,
				347F1C832A7777CC00CB9654 /* AchievementView.swift in Sources */,
				34807C6B2A6FA5DE00FDD4A9 /* ContentView.swift in Sources */,
				34960E8D2A6FBCB2003247E8 /* TeamCard.swift in Sources */,
				34807C722A6FA60000FDD4A9 /* WelcomeView.swift in Sources */,
				340DCF092A6F88450073DD0C /* Coordinates.swift in Sources */,
				347F1C842A7777CC00CB9654 /* PopupManager.swift in Sources */,
				340DCF072A6F87760073DD0C /* Player.swift in Sources */,
				340DCF052A6F868B0073DD0C /* Stadium.swift in Sources */,
				347F1C862A777ED500CB9654 /* TeamLogoView.swift in Sources */,
				340DCF0B2A6F8E2A0073DD0C /* ModelData.swift in Sources */,
			);
			runOnlyForDeploymentPostprocessing = 0;
		};
		349349BF2A6F82DC002EE24A /* Sources */ = {
			isa = PBXSourcesBuildPhase;
			buildActionMask = 2147483647;
			files = (
				349349C82A6F82DC002EE24A /* assignment1Tests.swift in Sources */,
			);
			runOnlyForDeploymentPostprocessing = 0;
		};
		349349C92A6F82DC002EE24A /* Sources */ = {
			isa = PBXSourcesBuildPhase;
			buildActionMask = 2147483647;
			files = (
				349349D22A6F82DC002EE24A /* assignment1UITests.swift in Sources */,
				349349D42A6F82DC002EE24A /* assignment1UITestsLaunchTests.swift in Sources */,
			);
			runOnlyForDeploymentPostprocessing = 0;
		};
/* End PBXSourcesBuildPhase section */

/* Begin PBXTargetDependency section */
		349349C52A6F82DC002EE24A /* PBXTargetDependency */ = {
			isa = PBXTargetDependency;
			target = 349349B22A6F82DA002EE24A /* assignment1 */;
			targetProxy = 349349C42A6F82DC002EE24A /* PBXContainerItemProxy */;
		};
		349349CF2A6F82DC002EE24A /* PBXTargetDependency */ = {
			isa = PBXTargetDependency;
			target = 349349B22A6F82DA002EE24A /* assignment1 */;
			targetProxy = 349349CE2A6F82DC002EE24A /* PBXContainerItemProxy */;
		};
/* End PBXTargetDependency section */

/* Begin XCBuildConfiguration section */
		349349D52A6F82DC002EE24A /* Debug */ = {
			isa = XCBuildConfiguration;
			buildSettings = {
				ALWAYS_SEARCH_USER_PATHS = NO;
				CLANG_ANALYZER_NONNULL = YES;
				CLANG_ANALYZER_NUMBER_OBJECT_CONVERSION = YES_AGGRESSIVE;
				CLANG_CXX_LANGUAGE_STANDARD = "gnu++20";
				CLANG_ENABLE_MODULES = YES;
				CLANG_ENABLE_OBJC_ARC = YES;
				CLANG_ENABLE_OBJC_WEAK = YES;
				CLANG_WARN_BLOCK_CAPTURE_AUTORELEASING = YES;
				CLANG_WARN_BOOL_CONVERSION = YES;
				CLANG_WARN_COMMA = YES;
				CLANG_WARN_CONSTANT_CONVERSION = YES;
				CLANG_WARN_DEPRECATED_OBJC_IMPLEMENTATIONS = YES;
				CLANG_WARN_DIRECT_OBJC_ISA_USAGE = YES_ERROR;
				CLANG_WARN_DOCUMENTATION_COMMENTS = YES;
				CLANG_WARN_EMPTY_BODY = YES;
				CLANG_WARN_ENUM_CONVERSION = YES;
				CLANG_WARN_INFINITE_RECURSION = YES;
				CLANG_WARN_INT_CONVERSION = YES;
				CLANG_WARN_NON_LITERAL_NULL_CONVERSION = YES;
				CLANG_WARN_OBJC_IMPLICIT_RETAIN_SELF = YES;
				CLANG_WARN_OBJC_LITERAL_CONVERSION = YES;
				CLANG_WARN_OBJC_ROOT_CLASS = YES_ERROR;
				CLANG_WARN_QUOTED_INCLUDE_IN_FRAMEWORK_HEADER = YES;
				CLANG_WARN_RANGE_LOOP_ANALYSIS = YES;
				CLANG_WARN_STRICT_PROTOTYPES = YES;
				CLANG_WARN_SUSPICIOUS_MOVE = YES;
				CLANG_WARN_UNGUARDED_AVAILABILITY = YES_AGGRESSIVE;
				CLANG_WARN_UNREACHABLE_CODE = YES;
				CLANG_WARN__DUPLICATE_METHOD_MATCH = YES;
				COPY_PHASE_STRIP = NO;
				DEBUG_INFORMATION_FORMAT = dwarf;
				ENABLE_STRICT_OBJC_MSGSEND = YES;
				ENABLE_TESTABILITY = YES;
				GCC_C_LANGUAGE_STANDARD = gnu11;
				GCC_DYNAMIC_NO_PIC = NO;
				GCC_NO_COMMON_BLOCKS = YES;
				GCC_OPTIMIZATION_LEVEL = 0;
				GCC_PREPROCESSOR_DEFINITIONS = (
					"DEBUG=1",
					"$(inherited)",
				);
				GCC_WARN_64_TO_32_BIT_CONVERSION = YES;
				GCC_WARN_ABOUT_RETURN_TYPE = YES_ERROR;
				GCC_WARN_UNDECLARED_SELECTOR = YES;
				GCC_WARN_UNINITIALIZED_AUTOS = YES_AGGRESSIVE;
				GCC_WARN_UNUSED_FUNCTION = YES;
				GCC_WARN_UNUSED_VARIABLE = YES;
				IPHONEOS_DEPLOYMENT_TARGET = 16.4;
				MTL_ENABLE_DEBUG_INFO = INCLUDE_SOURCE;
				MTL_FAST_MATH = YES;
				ONLY_ACTIVE_ARCH = YES;
				SDKROOT = iphoneos;
				SWIFT_ACTIVE_COMPILATION_CONDITIONS = DEBUG;
				SWIFT_OPTIMIZATION_LEVEL = "-Onone";
			};
			name = Debug;
		};
		349349D62A6F82DC002EE24A /* Release */ = {
			isa = XCBuildConfiguration;
			buildSettings = {
				ALWAYS_SEARCH_USER_PATHS = NO;
				CLANG_ANALYZER_NONNULL = YES;
				CLANG_ANALYZER_NUMBER_OBJECT_CONVERSION = YES_AGGRESSIVE;
				CLANG_CXX_LANGUAGE_STANDARD = "gnu++20";
				CLANG_ENABLE_MODULES = YES;
				CLANG_ENABLE_OBJC_ARC = YES;
				CLANG_ENABLE_OBJC_WEAK = YES;
				CLANG_WARN_BLOCK_CAPTURE_AUTORELEASING = YES;
				CLANG_WARN_BOOL_CONVERSION = YES;
				CLANG_WARN_COMMA = YES;
				CLANG_WARN_CONSTANT_CONVERSION = YES;
				CLANG_WARN_DEPRECATED_OBJC_IMPLEMENTATIONS = YES;
				CLANG_WARN_DIRECT_OBJC_ISA_USAGE = YES_ERROR;
				CLANG_WARN_DOCUMENTATION_COMMENTS = YES;
				CLANG_WARN_EMPTY_BODY = YES;
				CLANG_WARN_ENUM_CONVERSION = YES;
				CLANG_WARN_INFINITE_RECURSION = YES;
				CLANG_WARN_INT_CONVERSION = YES;
				CLANG_WARN_NON_LITERAL_NULL_CONVERSION = YES;
				CLANG_WARN_OBJC_IMPLICIT_RETAIN_SELF = YES;
				CLANG_WARN_OBJC_LITERAL_CONVERSION = YES;
				CLANG_WARN_OBJC_ROOT_CLASS = YES_ERROR;
				CLANG_WARN_QUOTED_INCLUDE_IN_FRAMEWORK_HEADER = YES;
				CLANG_WARN_RANGE_LOOP_ANALYSIS = YES;
				CLANG_WARN_STRICT_PROTOTYPES = YES;
				CLANG_WARN_SUSPICIOUS_MOVE = YES;
				CLANG_WARN_UNGUARDED_AVAILABILITY = YES_AGGRESSIVE;
				CLANG_WARN_UNREACHABLE_CODE = YES;
				CLANG_WARN__DUPLICATE_METHOD_MATCH = YES;
				COPY_PHASE_STRIP = NO;
				DEBUG_INFORMATION_FORMAT = "dwarf-with-dsym";
				ENABLE_NS_ASSERTIONS = NO;
				ENABLE_STRICT_OBJC_MSGSEND = YES;
				GCC_C_LANGUAGE_STANDARD = gnu11;
				GCC_NO_COMMON_BLOCKS = YES;
				GCC_WARN_64_TO_32_BIT_CONVERSION = YES;
				GCC_WARN_ABOUT_RETURN_TYPE = YES_ERROR;
				GCC_WARN_UNDECLARED_SELECTOR = YES;
				GCC_WARN_UNINITIALIZED_AUTOS = YES_AGGRESSIVE;
				GCC_WARN_UNUSED_FUNCTION = YES;
				GCC_WARN_UNUSED_VARIABLE = YES;
				IPHONEOS_DEPLOYMENT_TARGET = 16.4;
				MTL_ENABLE_DEBUG_INFO = NO;
				MTL_FAST_MATH = YES;
				SDKROOT = iphoneos;
				SWIFT_COMPILATION_MODE = wholemodule;
				SWIFT_OPTIMIZATION_LEVEL = "-O";
				VALIDATE_PRODUCT = YES;
			};
			name = Release;
		};
		349349D82A6F82DC002EE24A /* Debug */ = {
			isa = XCBuildConfiguration;
			buildSettings = {
				ASSETCATALOG_COMPILER_APPICON_NAME = AppIcon;
				ASSETCATALOG_COMPILER_GLOBAL_ACCENT_COLOR_NAME = AccentColor;
				ASSETCATALOG_COMPILER_INCLUDE_ALL_APPICON_ASSETS = NO;
				CODE_SIGN_STYLE = Automatic;
				CURRENT_PROJECT_VERSION = 1;
				DEVELOPMENT_ASSET_PATHS = "\"assignment1/Preview Content\"";
				ENABLE_PREVIEWS = YES;
				GENERATE_INFOPLIST_FILE = YES;
				INFOPLIST_KEY_CFBundleDisplayName = "Bucket Money";
				INFOPLIST_KEY_UIApplicationSceneManifest_Generation = YES;
				INFOPLIST_KEY_UIApplicationSupportsIndirectInputEvents = YES;
				INFOPLIST_KEY_UILaunchScreen_Generation = YES;
				INFOPLIST_KEY_UISupportedInterfaceOrientations_iPad = "UIInterfaceOrientationPortrait UIInterfaceOrientationPortraitUpsideDown UIInterfaceOrientationLandscapeLeft UIInterfaceOrientationLandscapeRight";
				INFOPLIST_KEY_UISupportedInterfaceOrientations_iPhone = "UIInterfaceOrientationPortrait UIInterfaceOrientationLandscapeLeft UIInterfaceOrientationLandscapeRight";
				LD_RUNPATH_SEARCH_PATHS = (
					"$(inherited)",
					"@executable_path/Frameworks",
				);
				MARKETING_VERSION = 1.0;
				PRODUCT_BUNDLE_IDENTIFIER = s3915177.assignment1;
				PRODUCT_NAME = "$(TARGET_NAME)";
				SWIFT_EMIT_LOC_STRINGS = YES;
				SWIFT_VERSION = 5.0;
				TARGETED_DEVICE_FAMILY = "1,2";
			};
			name = Debug;
		};
		349349D92A6F82DC002EE24A /* Release */ = {
			isa = XCBuildConfiguration;
			buildSettings = {
				ASSETCATALOG_COMPILER_APPICON_NAME = AppIcon;
				ASSETCATALOG_COMPILER_GLOBAL_ACCENT_COLOR_NAME = AccentColor;
				ASSETCATALOG_COMPILER_INCLUDE_ALL_APPICON_ASSETS = NO;
				CODE_SIGN_STYLE = Automatic;
				CURRENT_PROJECT_VERSION = 1;
				DEVELOPMENT_ASSET_PATHS = "\"assignment1/Preview Content\"";
				ENABLE_PREVIEWS = YES;
				GENERATE_INFOPLIST_FILE = YES;
				INFOPLIST_KEY_CFBundleDisplayName = "Bucket Money";
				INFOPLIST_KEY_UIApplicationSceneManifest_Generation = YES;
				INFOPLIST_KEY_UIApplicationSupportsIndirectInputEvents = YES;
				INFOPLIST_KEY_UILaunchScreen_Generation = YES;
				INFOPLIST_KEY_UISupportedInterfaceOrientations_iPad = "UIInterfaceOrientationPortrait UIInterfaceOrientationPortraitUpsideDown UIInterfaceOrientationLandscapeLeft UIInterfaceOrientationLandscapeRight";
				INFOPLIST_KEY_UISupportedInterfaceOrientations_iPhone = "UIInterfaceOrientationPortrait UIInterfaceOrientationLandscapeLeft UIInterfaceOrientationLandscapeRight";
				LD_RUNPATH_SEARCH_PATHS = (
					"$(inherited)",
					"@executable_path/Frameworks",
				);
				MARKETING_VERSION = 1.0;
				PRODUCT_BUNDLE_IDENTIFIER = s3915177.assignment1;
				PRODUCT_NAME = "$(TARGET_NAME)";
				SWIFT_EMIT_LOC_STRINGS = YES;
				SWIFT_VERSION = 5.0;
				TARGETED_DEVICE_FAMILY = "1,2";
			};
			name = Release;
		};
		349349DB2A6F82DC002EE24A /* Debug */ = {
			isa = XCBuildConfiguration;
			buildSettings = {
				ALWAYS_EMBED_SWIFT_STANDARD_LIBRARIES = YES;
				BUNDLE_LOADER = "$(TEST_HOST)";
				CODE_SIGN_STYLE = Automatic;
				CURRENT_PROJECT_VERSION = 1;
				GENERATE_INFOPLIST_FILE = YES;
				IPHONEOS_DEPLOYMENT_TARGET = 16.4;
				MARKETING_VERSION = 1.0;
				PRODUCT_BUNDLE_IDENTIFIER = s3915177.assignment1Tests;
				PRODUCT_NAME = "$(TARGET_NAME)";
				SWIFT_EMIT_LOC_STRINGS = NO;
				SWIFT_VERSION = 5.0;
				TARGETED_DEVICE_FAMILY = "1,2";
				TEST_HOST = "$(BUILT_PRODUCTS_DIR)/assignment1.app/$(BUNDLE_EXECUTABLE_FOLDER_PATH)/assignment1";
			};
			name = Debug;
		};
		349349DC2A6F82DC002EE24A /* Release */ = {
			isa = XCBuildConfiguration;
			buildSettings = {
				ALWAYS_EMBED_SWIFT_STANDARD_LIBRARIES = YES;
				BUNDLE_LOADER = "$(TEST_HOST)";
				CODE_SIGN_STYLE = Automatic;
				CURRENT_PROJECT_VERSION = 1;
				GENERATE_INFOPLIST_FILE = YES;
				IPHONEOS_DEPLOYMENT_TARGET = 16.4;
				MARKETING_VERSION = 1.0;
				PRODUCT_BUNDLE_IDENTIFIER = s3915177.assignment1Tests;
				PRODUCT_NAME = "$(TARGET_NAME)";
				SWIFT_EMIT_LOC_STRINGS = NO;
				SWIFT_VERSION = 5.0;
				TARGETED_DEVICE_FAMILY = "1,2";
				TEST_HOST = "$(BUILT_PRODUCTS_DIR)/assignment1.app/$(BUNDLE_EXECUTABLE_FOLDER_PATH)/assignment1";
			};
			name = Release;
		};
		349349DE2A6F82DC002EE24A /* Debug */ = {
			isa = XCBuildConfiguration;
			buildSettings = {
				ALWAYS_EMBED_SWIFT_STANDARD_LIBRARIES = YES;
				CODE_SIGN_STYLE = Automatic;
				CURRENT_PROJECT_VERSION = 1;
				GENERATE_INFOPLIST_FILE = YES;
				MARKETING_VERSION = 1.0;
				PRODUCT_BUNDLE_IDENTIFIER = s3915177.assignment1UITests;
				PRODUCT_NAME = "$(TARGET_NAME)";
				SWIFT_EMIT_LOC_STRINGS = NO;
				SWIFT_VERSION = 5.0;
				TARGETED_DEVICE_FAMILY = "1,2";
				TEST_TARGET_NAME = assignment1;
			};
			name = Debug;
		};
		349349DF2A6F82DC002EE24A /* Release */ = {
			isa = XCBuildConfiguration;
			buildSettings = {
				ALWAYS_EMBED_SWIFT_STANDARD_LIBRARIES = YES;
				CODE_SIGN_STYLE = Automatic;
				CURRENT_PROJECT_VERSION = 1;
				GENERATE_INFOPLIST_FILE = YES;
				MARKETING_VERSION = 1.0;
				PRODUCT_BUNDLE_IDENTIFIER = s3915177.assignment1UITests;
				PRODUCT_NAME = "$(TARGET_NAME)";
				SWIFT_EMIT_LOC_STRINGS = NO;
				SWIFT_VERSION = 5.0;
				TARGETED_DEVICE_FAMILY = "1,2";
				TEST_TARGET_NAME = assignment1;
			};
			name = Release;
		};
/* End XCBuildConfiguration section */

/* Begin XCConfigurationList section */
		349349AE2A6F82DA002EE24A /* Build configuration list for PBXProject "assignment1" */ = {
			isa = XCConfigurationList;
			buildConfigurations = (
				349349D52A6F82DC002EE24A /* Debug */,
				349349D62A6F82DC002EE24A /* Release */,
			);
			defaultConfigurationIsVisible = 0;
			defaultConfigurationName = Release;
		};
		349349D72A6F82DC002EE24A /* Build configuration list for PBXNativeTarget "assignment1" */ = {
			isa = XCConfigurationList;
			buildConfigurations = (
				349349D82A6F82DC002EE24A /* Debug */,
				349349D92A6F82DC002EE24A /* Release */,
			);
			defaultConfigurationIsVisible = 0;
			defaultConfigurationName = Release;
		};
		349349DA2A6F82DC002EE24A /* Build configuration list for PBXNativeTarget "assignment1Tests" */ = {
			isa = XCConfigurationList;
			buildConfigurations = (
				349349DB2A6F82DC002EE24A /* Debug */,
				349349DC2A6F82DC002EE24A /* Release */,
			);
			defaultConfigurationIsVisible = 0;
			defaultConfigurationName = Release;
		};
		349349DD2A6F82DC002EE24A /* Build configuration list for PBXNativeTarget "assignment1UITests" */ = {
			isa = XCConfigurationList;
			buildConfigurations = (
				349349DE2A6F82DC002EE24A /* Debug */,
				349349DF2A6F82DC002EE24A /* Release */,
			);
			defaultConfigurationIsVisible = 0;
			defaultConfigurationName = Release;
		};
/* End XCConfigurationList section */
	};
	rootObject = 349349AB2A6F82DA002EE24A /* Project object */;
}
